# generated by rye
# use `rye lock` or `rye sync` to update this lockfile
#
# last locked with the following flags:
#   pre: false
#   features: []
#   all-features: false
#   with-sources: false

-e file:.
-e file:apis/jax_iris
-e file:development/ci
-e file:development/ci/sdk
-e file:training/jax_iris_model
absl-py==2.1.0
    # via chex
    # via etils
    # via keras
    # via keras-core
    # via keras-cv
    # via keras-nlp
    # via optax
    # via orbax-checkpoint
    # via tensorboard
    # via tensorflow
    # via tensorflow-datasets
annotated-types==0.6.0
    # via pydantic
anyio==4.3.0
    # via dagger-io
    # via gql
    # via httpx
    # via jupyter-server
    # via starlette
    # via watchfiles
appnope==0.1.4
    # via ipykernel
argon2-cffi==23.1.0
    # via jupyter-server
argon2-cffi-bindings==21.2.0
    # via argon2-cffi
arrow==1.3.0
    # via isoduration
asttokens==2.4.1
    # via stack-data
astunparse==1.6.3
    # via tensorflow
async-lru==2.0.4
    # via jupyterlab
attrs==23.2.0
    # via cattrs
    # via jsii
    # via jsonschema
    # via referencing
aws-cdk-asset-awscli-v1==2.2.202
    # via aws-cdk-lib
aws-cdk-asset-kubectl-v20==2.1.2
    # via aws-cdk-lib
aws-cdk-asset-node-proxy-agent-v6==2.0.1
    # via aws-cdk-lib
aws-cdk-lib==2.133.0
    # via model-packing-and-shipping
babel==2.14.0
    # via jupyterlab-server
backoff==2.2.1
    # via gql
beartype==0.17.2
    # via dagger-io
beautifulsoup4==4.12.3
    # via nbconvert
bleach==6.1.0
    # via nbconvert
cattrs==23.2.3
    # via dagger-io
    # via jsii
certifi==2024.2.2
    # via httpcore
    # via httpx
    # via requests
cffi==1.16.0
    # via argon2-cffi-bindings
charset-normalizer==3.3.2
    # via requests
chex==0.1.86
    # via optax
click==8.1.7
    # via tensorflow-datasets
    # via typer
    # via uvicorn
comm==0.2.2
    # via ipykernel
constructs==10.3.0
    # via aws-cdk-lib
    # via model-packing-and-shipping
debugpy==1.8.1
    # via ipykernel
decorator==5.1.1
    # via ipython
defusedxml==0.7.1
    # via nbconvert
dm-tree==0.1.8
    # via keras
    # via keras-core
    # via keras-nlp
    # via tensorflow-datasets
dnspython==2.6.1
    # via email-validator
email-validator==2.1.1
    # via fastapi
etils==1.7.0
    # via orbax-checkpoint
    # via tensorflow-datasets
executing==2.0.1
    # via stack-data
fastapi==0.110.0
    # via jax-iris
fastjsonschema==2.19.1
    # via nbformat
flatbuffers==24.3.7
    # via tensorflow
flax==0.8.2
    # via jax-iris-model
    # via model-packing-and-shipping
fqdn==1.5.1
    # via jsonschema
fsspec==2024.3.0
    # via etils
gast==0.5.4
    # via tensorflow
google-pasta==0.2.0
    # via tensorflow
googleapis-common-protos==1.63.0
    # via tensorflow-metadata
gql==3.5.0
    # via dagger-io
granian==1.2.0
    # via jax-iris
graphql-core==3.2.3
    # via dagger-io
    # via gql
grpcio==1.62.1
    # via tensorboard
    # via tensorflow
h11==0.14.0
    # via httpcore
    # via uvicorn
h5py==3.10.0
    # via keras
    # via keras-core
    # via tensorflow
httpcore==1.0.4
    # via httpx
httptools==0.6.1
    # via uvicorn
httpx==0.27.0
    # via fastapi
    # via gql
    # via jupyterlab
idna==3.6
    # via anyio
    # via email-validator
    # via httpx
    # via jsonschema
    # via requests
    # via yarl
importlib-resources==6.3.1
    # via etils
    # via jsii
ipykernel==6.29.3
    # via jupyterlab
ipython==8.22.2
    # via ipykernel
isoduration==20.11.0
    # via jsonschema
itsdangerous==2.1.2
    # via fastapi
jax==0.4.25
    # via chex
    # via flax
    # via jax-iris-model
    # via model-packing-and-shipping
    # via optax
    # via orbax-checkpoint
jaxlib==0.4.25
    # via chex
    # via jax
    # via optax
    # via orbax-checkpoint
jedi==0.19.1
    # via ipython
jinja2==3.1.3
    # via fastapi
    # via jupyter-server
    # via jupyterlab
    # via jupyterlab-server
    # via nbconvert
joblib==1.3.2
    # via scikit-learn
jsii==1.96.0
    # via aws-cdk-asset-awscli-v1
    # via aws-cdk-asset-kubectl-v20
    # via aws-cdk-asset-node-proxy-agent-v6
    # via aws-cdk-lib
    # via constructs
json5==0.9.24
    # via jupyterlab-server
jsonpointer==2.4
    # via jsonschema
jsonschema==4.21.1
    # via jupyter-events
    # via jupyterlab-server
    # via nbformat
jsonschema-specifications==2023.12.1
    # via jsonschema
jupyter-client==8.6.1
    # via ipykernel
    # via jupyter-server
    # via nbclient
jupyter-core==5.7.2
    # via ipykernel
    # via jupyter-client
    # via jupyter-server
    # via jupyterlab
    # via nbclient
    # via nbconvert
    # via nbformat
jupyter-events==0.9.1
    # via jupyter-server
jupyter-lsp==2.2.4
    # via jupyterlab
jupyter-server==2.13.0
    # via jupyter-lsp
    # via jupyterlab
    # via jupyterlab-server
    # via notebook-shim
jupyter-server-terminals==0.5.3
    # via jupyter-server
jupyterlab==4.1.5
    # via model-packing-and-shipping
jupyterlab-pygments==0.3.0
    # via nbconvert
jupyterlab-server==2.25.4
    # via jupyterlab
kagglehub==0.2.0
    # via keras-cv
    # via keras-nlp
keras==3.0.5
    # via model-packing-and-shipping
    # via tensorflow
keras-core==0.1.7
    # via keras-cv
    # via keras-nlp
keras-cv==0.8.2
    # via model-packing-and-shipping
keras-nlp==0.8.2
    # via model-packing-and-shipping
libclang==16.0.6
    # via tensorflow
markdown==3.6
    # via tensorboard
markdown-it-py==3.0.0
    # via rich
markupsafe==2.1.5
    # via jinja2
    # via nbconvert
    # via werkzeug
matplotlib-inline==0.1.6
    # via ipykernel
    # via ipython
mdurl==0.1.2
    # via markdown-it-py
mistune==3.0.2
    # via nbconvert
ml-dtypes==0.3.2
    # via jax
    # via jaxlib
    # via keras
    # via tensorflow
    # via tensorstore
msgpack==1.0.8
    # via flax
    # via orbax-checkpoint
multidict==6.0.5
    # via yarl
namex==0.0.7
    # via keras
    # via keras-core
nbclient==0.10.0
    # via nbconvert
nbconvert==7.16.2
    # via jupyter-server
nbformat==5.10.3
    # via jupyter-server
    # via nbclient
    # via nbconvert
nest-asyncio==1.6.0
    # via ipykernel
    # via orbax-checkpoint
notebook-shim==0.2.4
    # via jupyterlab
numpy==1.26.4
    # via chex
    # via etils
    # via flax
    # via h5py
    # via jax
    # via jaxlib
    # via keras
    # via keras-core
    # via keras-nlp
    # via ml-dtypes
    # via opt-einsum
    # via optax
    # via orbax-checkpoint
    # via scikit-learn
    # via scipy
    # via tensorboard
    # via tensorflow
    # via tensorflow-datasets
    # via tensorstore
opt-einsum==3.3.0
    # via jax
    # via tensorflow
optax==0.2.1
    # via flax
orbax-checkpoint==0.5.6
    # via flax
orjson==3.9.15
    # via fastapi
overrides==7.7.0
    # via jupyter-server
packaging==24.0
    # via ipykernel
    # via jupyter-server
    # via jupyterlab
    # via jupyterlab-server
    # via keras-cv
    # via keras-nlp
    # via nbconvert
    # via tensorflow
pandocfilters==1.5.1
    # via nbconvert
parso==0.8.3
    # via jedi
pexpect==4.9.0
    # via ipython
pillow==10.2.0
    # via model-packing-and-shipping
platformdirs==4.2.0
    # via dagger-io
    # via jupyter-core
prometheus-client==0.20.0
    # via jupyter-server
promise==2.3
    # via tensorflow-datasets
prompt-toolkit==3.0.43
    # via ipython
protobuf==3.20.3
    # via googleapis-common-protos
    # via orbax-checkpoint
    # via tensorboard
    # via tensorflow
    # via tensorflow-datasets
    # via tensorflow-metadata
psutil==5.9.8
    # via ipykernel
    # via tensorflow-datasets
ptyprocess==0.7.0
    # via pexpect
    # via terminado
publication==0.0.3
    # via aws-cdk-asset-awscli-v1
    # via aws-cdk-asset-kubectl-v20
    # via aws-cdk-asset-node-proxy-agent-v6
    # via aws-cdk-lib
    # via constructs
    # via jsii
pure-eval==0.2.2
    # via stack-data
pycparser==2.21
    # via cffi
pydantic==2.6.4
    # via fastapi
    # via pydantic-extra-types
    # via pydantic-settings
pydantic-core==2.16.3
    # via pydantic
pydantic-extra-types==2.6.0
    # via fastapi
pydantic-settings==2.2.1
    # via fastapi
pygments==2.17.2
    # via ipython
    # via nbconvert
    # via rich
python-dateutil==2.9.0.post0
    # via arrow
    # via jsii
    # via jupyter-client
python-dotenv==1.0.1
    # via pydantic-settings
    # via uvicorn
python-json-logger==2.0.7
    # via jupyter-events
python-multipart==0.0.9
    # via fastapi
pyyaml==6.0.1
    # via fastapi
    # via flax
    # via jupyter-events
    # via orbax-checkpoint
    # via uvicorn
pyzmq==25.1.2
    # via ipykernel
    # via jupyter-client
    # via jupyter-server
referencing==0.34.0
    # via jsonschema
    # via jsonschema-specifications
    # via jupyter-events
regex==2023.12.25
    # via keras-cv
    # via keras-nlp
requests==2.31.0
    # via jupyterlab-server
    # via kagglehub
    # via tensorflow
    # via tensorflow-datasets
rfc3339-validator==0.1.4
    # via jsonschema
    # via jupyter-events
rfc3986-validator==0.1.1
    # via jsonschema
    # via jupyter-events
rich==13.7.1
    # via dagger-io
    # via flax
    # via keras
    # via keras-core
    # via keras-nlp
rpds-py==0.18.0
    # via jsonschema
    # via referencing
scikit-learn==1.4.1.post1
    # via jax-iris-model
    # via model-packing-and-shipping
scipy==1.12.0
    # via jax
    # via jaxlib
    # via scikit-learn
send2trash==1.8.2
    # via jupyter-server
setuptools==69.2.0
    # via chex
    # via tensorboard
    # via tensorflow
six==1.16.0
    # via asttokens
    # via astunparse
    # via bleach
    # via google-pasta
    # via promise
    # via python-dateutil
    # via rfc3339-validator
    # via tensorboard
    # via tensorflow
sniffio==1.3.1
    # via anyio
    # via httpx
soupsieve==2.5
    # via beautifulsoup4
stack-data==0.6.3
    # via ipython
starlette==0.36.3
    # via fastapi
tensorboard==2.16.2
    # via tensorflow
tensorboard-data-server==0.7.2
    # via tensorboard
tensorflow==2.16.1
    # via model-packing-and-shipping
tensorflow-datasets==4.9.4
    # via keras-cv
tensorflow-metadata==0.22.2
    # via tensorflow-datasets
tensorstore==0.1.56
    # via flax
    # via orbax-checkpoint
termcolor==2.4.0
    # via tensorflow
    # via tensorflow-datasets
terminado==0.18.1
    # via jupyter-server
    # via jupyter-server-terminals
threadpoolctl==3.3.0
    # via scikit-learn
tinycss2==1.2.1
    # via nbconvert
toml==0.10.2
    # via tensorflow-datasets
toolz==0.12.1
    # via chex
tornado==6.4
    # via ipykernel
    # via jupyter-client
    # via jupyter-server
    # via jupyterlab
    # via terminado
tqdm==4.66.2
    # via etils
    # via jax-iris-model
    # via kagglehub
    # via tensorflow-datasets
traitlets==5.14.2
    # via comm
    # via ipykernel
    # via ipython
    # via jupyter-client
    # via jupyter-core
    # via jupyter-events
    # via jupyter-server
    # via jupyterlab
    # via matplotlib-inline
    # via nbclient
    # via nbconvert
    # via nbformat
typeguard==2.13.3
    # via aws-cdk-asset-awscli-v1
    # via aws-cdk-asset-kubectl-v20
    # via aws-cdk-asset-node-proxy-agent-v6
    # via aws-cdk-lib
    # via constructs
    # via jsii
typer==0.9.0
    # via granian
types-python-dateutil==2.9.0.20240316
    # via arrow
typing-extensions==4.10.0
    # via chex
    # via dagger-io
    # via etils
    # via fastapi
    # via flax
    # via jsii
    # via orbax-checkpoint
    # via pydantic
    # via pydantic-core
    # via tensorflow
    # via typer
ujson==5.9.0
    # via fastapi
uri-template==1.3.0
    # via jsonschema
urllib3==2.2.1
    # via requests
uvicorn==0.28.1
    # via fastapi
uvloop==0.18.0
    # via granian
    # via uvicorn
watchfiles==0.21.0
    # via uvicorn
wcwidth==0.2.13
    # via prompt-toolkit
webcolors==1.13
    # via jsonschema
webencodings==0.5.1
    # via bleach
    # via tinycss2
websocket-client==1.7.0
    # via jupyter-server
websockets==12.0
    # via uvicorn
werkzeug==3.0.1
    # via tensorboard
wheel==0.43.0
    # via astunparse
wrapt==1.16.0
    # via tensorflow
    # via tensorflow-datasets
yarl==1.9.4
    # via gql
zipp==3.18.1
    # via etils
